// !$*UTF8*$!
{
	archiveVersion = 1;
	classes = {
	};
	objectVersion = 56;
	objects = {

/* Begin PBXBuildFile section */
		041076B42BB7218F00B55E59 /* AppDelegate.swift in Sources */ = {isa = PBXBuildFile; fileRef = 041076B32BB7218F00B55E59 /* AppDelegate.swift */; };
		041076B62BB7218F00B55E59 /* SceneDelegate.swift in Sources */ = {isa = PBXBuildFile; fileRef = 041076B52BB7218F00B55E59 /* SceneDelegate.swift */; };
		041076BD2BB7219000B55E59 /* Assets.xcassets in Resources */ = {isa = PBXBuildFile; fileRef = 041076BC2BB7219000B55E59 /* Assets.xcassets */; };
		041076C02BB7219000B55E59 /* Base in Resources */ = {isa = PBXBuildFile; fileRef = 041076BF2BB7219000B55E59 /* Base */; };
		041076CF2BB7F3DB00B55E59 /* RMLocation.swift in Sources */ = {isa = PBXBuildFile; fileRef = 041076CE2BB7F3DB00B55E59 /* RMLocation.swift */; };
		041076D12BB7F3E500B55E59 /* RMCharacter.swift in Sources */ = {isa = PBXBuildFile; fileRef = 041076D02BB7F3E500B55E59 /* RMCharacter.swift */; };
		041076D32BB7F3ED00B55E59 /* RMEpisode.swift in Sources */ = {isa = PBXBuildFile; fileRef = 041076D22BB7F3ED00B55E59 /* RMEpisode.swift */; };
		041076D62BB7F45400B55E59 /* RMCharacterViewController.swift in Sources */ = {isa = PBXBuildFile; fileRef = 041076D52BB7F45400B55E59 /* RMCharacterViewController.swift */; };
		041076D82BB7F45D00B55E59 /* RMLocationViewController.swift in Sources */ = {isa = PBXBuildFile; fileRef = 041076D72BB7F45D00B55E59 /* RMLocationViewController.swift */; };
		041076DA2BB7F46500B55E59 /* RMEpisodeViewController.swift in Sources */ = {isa = PBXBuildFile; fileRef = 041076D92BB7F46500B55E59 /* RMEpisodeViewController.swift */; };
		041076DC2BB7F46F00B55E59 /* RMSettingsViewController.swift in Sources */ = {isa = PBXBuildFile; fileRef = 041076DB2BB7F46F00B55E59 /* RMSettingsViewController.swift */; };
		041076DE2BB7F4D800B55E59 /* RMTabBarController.swift in Sources */ = {isa = PBXBuildFile; fileRef = 041076DD2BB7F4D800B55E59 /* RMTabBarController.swift */; };
		0452BF092BBF233B0004B805 /* RMCharacterCollectionViewCell.swift in Sources */ = {isa = PBXBuildFile; fileRef = 0452BF082BBF233B0004B805 /* RMCharacterCollectionViewCell.swift */; };
		0452BF0B2BBF245B0004B805 /* RMCharacterCollectionViewCellVM.swift in Sources */ = {isa = PBXBuildFile; fileRef = 0452BF0A2BBF245B0004B805 /* RMCharacterCollectionViewCellVM.swift */; };
		0452BF0E2BBFFCD90004B805 /* RMCharacterDetailViewController.swift in Sources */ = {isa = PBXBuildFile; fileRef = 0452BF0D2BBFFCD90004B805 /* RMCharacterDetailViewController.swift */; };
		0452BF102BBFFD5A0004B805 /* RMCharacterDetailView.swift in Sources */ = {isa = PBXBuildFile; fileRef = 0452BF0F2BBFFD5A0004B805 /* RMCharacterDetailView.swift */; };
		0452BF122BBFFD810004B805 /* RMCharacterDetailViewVM.swift in Sources */ = {isa = PBXBuildFile; fileRef = 0452BF112BBFFD810004B805 /* RMCharacterDetailViewVM.swift */; };
		0452BF142BC14F000004B805 /* RMFooterLoadingCollectionReusableView.swift in Sources */ = {isa = PBXBuildFile; fileRef = 0452BF132BC14EFF0004B805 /* RMFooterLoadingCollectionReusableView.swift */; };
		047F55E82BD26B9500151734 /* RMEpisodeInfoCollectionViewCell.swift in Sources */ = {isa = PBXBuildFile; fileRef = 047F55E72BD26B9500151734 /* RMEpisodeInfoCollectionViewCell.swift */; };
		047F55EB2BD26BC400151734 /* RMEpisodeInfoCollectionViewCellVM.swift in Sources */ = {isa = PBXBuildFile; fileRef = 047F55EA2BD26BC400151734 /* RMEpisodeInfoCollectionViewCellVM.swift */; };
		048B5C972BB930E6007B9CB8 /* RMService.swift in Sources */ = {isa = PBXBuildFile; fileRef = 048B5C962BB930E6007B9CB8 /* RMService.swift */; };
		048B5C992BB930FC007B9CB8 /* RMRequest.swift in Sources */ = {isa = PBXBuildFile; fileRef = 048B5C982BB930FC007B9CB8 /* RMRequest.swift */; };
		048B5C9B2BB9318D007B9CB8 /* RMEndpoint.swift in Sources */ = {isa = PBXBuildFile; fileRef = 048B5C9A2BB9318D007B9CB8 /* RMEndpoint.swift */; };
		048B5C9D2BB936A5007B9CB8 /* RMOrigin.swift in Sources */ = {isa = PBXBuildFile; fileRef = 048B5C9C2BB936A5007B9CB8 /* RMOrigin.swift */; };
		048B5C9F2BB93796007B9CB8 /* RMSingleLocation.swift in Sources */ = {isa = PBXBuildFile; fileRef = 048B5C9E2BB93796007B9CB8 /* RMSingleLocation.swift */; };
		048B5CA12BB93929007B9CB8 /* RMCharacterStatus.swift in Sources */ = {isa = PBXBuildFile; fileRef = 048B5CA02BB93929007B9CB8 /* RMCharacterStatus.swift */; };
		048B5CA32BB93962007B9CB8 /* RMCharacterGender.swift in Sources */ = {isa = PBXBuildFile; fileRef = 048B5CA22BB93962007B9CB8 /* RMCharacterGender.swift */; };
		048B5CA72BBDBB36007B9CB8 /* RMGetCharacterResponse.swift in Sources */ = {isa = PBXBuildFile; fileRef = 048B5CA62BBDBB36007B9CB8 /* RMGetCharacterResponse.swift */; };
		048B5CA92BBE983F007B9CB8 /* RMCharacterListViewVM.swift in Sources */ = {isa = PBXBuildFile; fileRef = 048B5CA82BBE983F007B9CB8 /* RMCharacterListViewVM.swift */; };
		048B5CAB2BBE98B7007B9CB8 /* RMCharacterListView.swift in Sources */ = {isa = PBXBuildFile; fileRef = 048B5CAA2BBE98B7007B9CB8 /* RMCharacterListView.swift */; };
		048B5CAD2BBE9C05007B9CB8 /* Extensions.swift in Sources */ = {isa = PBXBuildFile; fileRef = 048B5CAC2BBE9C05007B9CB8 /* Extensions.swift */; };
		04A484DA2BCE8EAB00E51F31 /* RMEpisodeDetailViewController.swift in Sources */ = {isa = PBXBuildFile; fileRef = 04A484D92BCE8EAB00E51F31 /* RMEpisodeDetailViewController.swift */; };
		04A484DC2BCE917200E51F31 /* RMAPICacheManager.swift in Sources */ = {isa = PBXBuildFile; fileRef = 04A484DB2BCE917200E51F31 /* RMAPICacheManager.swift */; };
		04A484DE2BCE96B300E51F31 /* RMEpisodeDetailViewVM.swift in Sources */ = {isa = PBXBuildFile; fileRef = 04A484DD2BCE96B300E51F31 /* RMEpisodeDetailViewVM.swift */; };
		04A484E02BCE972100E51F31 /* RMEpisodeDetailView.swift in Sources */ = {isa = PBXBuildFile; fileRef = 04A484DF2BCE972100E51F31 /* RMEpisodeDetailView.swift */; };
		04A484E32BCFBE5400E51F31 /* RMEpisodeListView.swift in Sources */ = {isa = PBXBuildFile; fileRef = 04A484E22BCFBE5400E51F31 /* RMEpisodeListView.swift */; };
		04A484E52BCFC0B000E51F31 /* RMEpisodeListViewVM.swift in Sources */ = {isa = PBXBuildFile; fileRef = 04A484E42BCFC0B000E51F31 /* RMEpisodeListViewVM.swift */; };
		04A484E72BCFC3F100E51F31 /* RMGetAllEpisodesResponse.swift in Sources */ = {isa = PBXBuildFile; fileRef = 04A484E62BCFC3F100E51F31 /* RMGetAllEpisodesResponse.swift */; };
		04A484E92BCFFCFC00E51F31 /* RMSearchViewController.swift in Sources */ = {isa = PBXBuildFile; fileRef = 04A484E82BCFFCFC00E51F31 /* RMSearchViewController.swift */; };
		04ADD1FB2BC6BBF200D99924 /* RMImageLoader.swift in Sources */ = {isa = PBXBuildFile; fileRef = 04ADD1FA2BC6BBF200D99924 /* RMImageLoader.swift */; };
		04ADD1FF2BCBE3FA00D99924 /* RMCharacterPhotoCollectionViewCell.swift in Sources */ = {isa = PBXBuildFile; fileRef = 04ADD1FE2BCBE3FA00D99924 /* RMCharacterPhotoCollectionViewCell.swift */; };
		04ADD2012BCBE40800D99924 /* RMCharacterInfoCollectionViewCell.swift in Sources */ = {isa = PBXBuildFile; fileRef = 04ADD2002BCBE40800D99924 /* RMCharacterInfoCollectionViewCell.swift */; };
		04ADD2032BCBE41100D99924 /* RMCharacterEpisodeCollectionViewCell.swift in Sources */ = {isa = PBXBuildFile; fileRef = 04ADD2022BCBE41100D99924 /* RMCharacterEpisodeCollectionViewCell.swift */; };
		04ADD2062BCBE4A300D99924 /* RMCharacterPhotoCollectionViewCellVM.swift in Sources */ = {isa = PBXBuildFile; fileRef = 04ADD2052BCBE4A300D99924 /* RMCharacterPhotoCollectionViewCellVM.swift */; };
		04ADD2082BCBE4AB00D99924 /* RMCharacterInfoCollectionViewCellVM.swift in Sources */ = {isa = PBXBuildFile; fileRef = 04ADD2072BCBE4AB00D99924 /* RMCharacterInfoCollectionViewCellVM.swift */; };
		04ADD20A2BCBE4B300D99924 /* RMCharacterEpisodeCollectionViewCellVM.swift in Sources */ = {isa = PBXBuildFile; fileRef = 04ADD2092BCBE4B300D99924 /* RMCharacterEpisodeCollectionViewCellVM.swift */; };
		04B035652BD7A1510037437C /* RMSettingsViewVM.swift in Sources */ = {isa = PBXBuildFile; fileRef = 04B035642BD7A1510037437C /* RMSettingsViewVM.swift */; };
		04B035672BD7A1940037437C /* RMSettingsCellVM.swift in Sources */ = {isa = PBXBuildFile; fileRef = 04B035662BD7A1940037437C /* RMSettingsCellVM.swift */; };
		04B035692BD7A2090037437C /* RMSettingsOption.swift in Sources */ = {isa = PBXBuildFile; fileRef = 04B035682BD7A2090037437C /* RMSettingsOption.swift */; };
		04B0356C2BD7AADA0037437C /* RMSettingsView.swift in Sources */ = {isa = PBXBuildFile; fileRef = 04B0356B2BD7AADA0037437C /* RMSettingsView.swift */; };
/* End PBXBuildFile section */

/* Begin PBXFileReference section */
		041076B02BB7218F00B55E59 /* RickAndMorty.app */ = {isa = PBXFileReference; explicitFileType = wrapper.application; includeInIndex = 0; path = RickAndMorty.app; sourceTree = BUILT_PRODUCTS_DIR; };
		041076B32BB7218F00B55E59 /* AppDelegate.swift */ = {isa = PBXFileReference; lastKnownFileType = sourcecode.swift; path = AppDelegate.swift; sourceTree = "<group>"; };
		041076B52BB7218F00B55E59 /* SceneDelegate.swift */ = {isa = PBXFileReference; lastKnownFileType = sourcecode.swift; path = SceneDelegate.swift; sourceTree = "<group>"; };
		041076BC2BB7219000B55E59 /* Assets.xcassets */ = {isa = PBXFileReference; lastKnownFileType = folder.assetcatalog; path = Assets.xcassets; sourceTree = "<group>"; };
		041076BF2BB7219000B55E59 /* Base */ = {isa = PBXFileReference; lastKnownFileType = file.storyboard; name = Base; path = Base.lproj/LaunchScreen.storyboard; sourceTree = "<group>"; };
		041076C12BB7219000B55E59 /* Info.plist */ = {isa = PBXFileReference; lastKnownFileType = text.plist.xml; path = Info.plist; sourceTree = "<group>"; };
		041076CE2BB7F3DB00B55E59 /* RMLocation.swift */ = {isa = PBXFileReference; lastKnownFileType = sourcecode.swift; path = RMLocation.swift; sourceTree = "<group>"; };
		041076D02BB7F3E500B55E59 /* RMCharacter.swift */ = {isa = PBXFileReference; lastKnownFileType = sourcecode.swift; path = RMCharacter.swift; sourceTree = "<group>"; };
		041076D22BB7F3ED00B55E59 /* RMEpisode.swift */ = {isa = PBXFileReference; lastKnownFileType = sourcecode.swift; path = RMEpisode.swift; sourceTree = "<group>"; };
		041076D52BB7F45400B55E59 /* RMCharacterViewController.swift */ = {isa = PBXFileReference; lastKnownFileType = sourcecode.swift; path = RMCharacterViewController.swift; sourceTree = "<group>"; };
		041076D72BB7F45D00B55E59 /* RMLocationViewController.swift */ = {isa = PBXFileReference; lastKnownFileType = sourcecode.swift; path = RMLocationViewController.swift; sourceTree = "<group>"; };
		041076D92BB7F46500B55E59 /* RMEpisodeViewController.swift */ = {isa = PBXFileReference; lastKnownFileType = sourcecode.swift; path = RMEpisodeViewController.swift; sourceTree = "<group>"; };
		041076DB2BB7F46F00B55E59 /* RMSettingsViewController.swift */ = {isa = PBXFileReference; lastKnownFileType = sourcecode.swift; path = RMSettingsViewController.swift; sourceTree = "<group>"; };
		041076DD2BB7F4D800B55E59 /* RMTabBarController.swift */ = {isa = PBXFileReference; lastKnownFileType = sourcecode.swift; path = RMTabBarController.swift; sourceTree = "<group>"; };
		0452BF082BBF233B0004B805 /* RMCharacterCollectionViewCell.swift */ = {isa = PBXFileReference; lastKnownFileType = sourcecode.swift; path = RMCharacterCollectionViewCell.swift; sourceTree = "<group>"; };
		0452BF0A2BBF245B0004B805 /* RMCharacterCollectionViewCellVM.swift */ = {isa = PBXFileReference; lastKnownFileType = sourcecode.swift; path = RMCharacterCollectionViewCellVM.swift; sourceTree = "<group>"; };
		0452BF0D2BBFFCD90004B805 /* RMCharacterDetailViewController.swift */ = {isa = PBXFileReference; lastKnownFileType = sourcecode.swift; path = RMCharacterDetailViewController.swift; sourceTree = "<group>"; };
		0452BF0F2BBFFD5A0004B805 /* RMCharacterDetailView.swift */ = {isa = PBXFileReference; lastKnownFileType = sourcecode.swift; path = RMCharacterDetailView.swift; sourceTree = "<group>"; };
		0452BF112BBFFD810004B805 /* RMCharacterDetailViewVM.swift */ = {isa = PBXFileReference; lastKnownFileType = sourcecode.swift; path = RMCharacterDetailViewVM.swift; sourceTree = "<group>"; };
		0452BF132BC14EFF0004B805 /* RMFooterLoadingCollectionReusableView.swift */ = {isa = PBXFileReference; lastKnownFileType = sourcecode.swift; path = RMFooterLoadingCollectionReusableView.swift; sourceTree = "<group>"; };
		047F55E72BD26B9500151734 /* RMEpisodeInfoCollectionViewCell.swift */ = {isa = PBXFileReference; lastKnownFileType = sourcecode.swift; path = RMEpisodeInfoCollectionViewCell.swift; sourceTree = "<group>"; };
		047F55EA2BD26BC400151734 /* RMEpisodeInfoCollectionViewCellVM.swift */ = {isa = PBXFileReference; lastKnownFileType = sourcecode.swift; path = RMEpisodeInfoCollectionViewCellVM.swift; sourceTree = "<group>"; };
		048B5C962BB930E6007B9CB8 /* RMService.swift */ = {isa = PBXFileReference; lastKnownFileType = sourcecode.swift; path = RMService.swift; sourceTree = "<group>"; };
		048B5C982BB930FC007B9CB8 /* RMRequest.swift */ = {isa = PBXFileReference; lastKnownFileType = sourcecode.swift; path = RMRequest.swift; sourceTree = "<group>"; };
		048B5C9A2BB9318D007B9CB8 /* RMEndpoint.swift */ = {isa = PBXFileReference; lastKnownFileType = sourcecode.swift; path = RMEndpoint.swift; sourceTree = "<group>"; };
		048B5C9C2BB936A5007B9CB8 /* RMOrigin.swift */ = {isa = PBXFileReference; lastKnownFileType = sourcecode.swift; path = RMOrigin.swift; sourceTree = "<group>"; };
		048B5C9E2BB93796007B9CB8 /* RMSingleLocation.swift */ = {isa = PBXFileReference; lastKnownFileType = sourcecode.swift; path = RMSingleLocation.swift; sourceTree = "<group>"; };
		048B5CA02BB93929007B9CB8 /* RMCharacterStatus.swift */ = {isa = PBXFileReference; lastKnownFileType = sourcecode.swift; path = RMCharacterStatus.swift; sourceTree = "<group>"; };
		048B5CA22BB93962007B9CB8 /* RMCharacterGender.swift */ = {isa = PBXFileReference; lastKnownFileType = sourcecode.swift; path = RMCharacterGender.swift; sourceTree = "<group>"; };
		048B5CA62BBDBB36007B9CB8 /* RMGetCharacterResponse.swift */ = {isa = PBXFileReference; lastKnownFileType = sourcecode.swift; path = RMGetCharacterResponse.swift; sourceTree = "<group>"; };
		048B5CA82BBE983F007B9CB8 /* RMCharacterListViewVM.swift */ = {isa = PBXFileReference; lastKnownFileType = sourcecode.swift; path = RMCharacterListViewVM.swift; sourceTree = "<group>"; };
		048B5CAA2BBE98B7007B9CB8 /* RMCharacterListView.swift */ = {isa = PBXFileReference; lastKnownFileType = sourcecode.swift; path = RMCharacterListView.swift; sourceTree = "<group>"; };
		048B5CAC2BBE9C05007B9CB8 /* Extensions.swift */ = {isa = PBXFileReference; lastKnownFileType = sourcecode.swift; path = Extensions.swift; sourceTree = "<group>"; };
		04A484D92BCE8EAB00E51F31 /* RMEpisodeDetailViewController.swift */ = {isa = PBXFileReference; lastKnownFileType = sourcecode.swift; path = RMEpisodeDetailViewController.swift; sourceTree = "<group>"; };
		04A484DB2BCE917200E51F31 /* RMAPICacheManager.swift */ = {isa = PBXFileReference; lastKnownFileType = sourcecode.swift; path = RMAPICacheManager.swift; sourceTree = "<group>"; };
		04A484DD2BCE96B300E51F31 /* RMEpisodeDetailViewVM.swift */ = {isa = PBXFileReference; lastKnownFileType = sourcecode.swift; path = RMEpisodeDetailViewVM.swift; sourceTree = "<group>"; };
		04A484DF2BCE972100E51F31 /* RMEpisodeDetailView.swift */ = {isa = PBXFileReference; lastKnownFileType = sourcecode.swift; path = RMEpisodeDetailView.swift; sourceTree = "<group>"; };
		04A484E22BCFBE5400E51F31 /* RMEpisodeListView.swift */ = {isa = PBXFileReference; lastKnownFileType = sourcecode.swift; path = RMEpisodeListView.swift; sourceTree = "<group>"; };
		04A484E42BCFC0B000E51F31 /* RMEpisodeListViewVM.swift */ = {isa = PBXFileReference; lastKnownFileType = sourcecode.swift; path = RMEpisodeListViewVM.swift; sourceTree = "<group>"; };
		04A484E62BCFC3F100E51F31 /* RMGetAllEpisodesResponse.swift */ = {isa = PBXFileReference; lastKnownFileType = sourcecode.swift; path = RMGetAllEpisodesResponse.swift; sourceTree = "<group>"; };
		04A484E82BCFFCFC00E51F31 /* RMSearchViewController.swift */ = {isa = PBXFileReference; lastKnownFileType = sourcecode.swift; path = RMSearchViewController.swift; sourceTree = "<group>"; };
		04ADD1FA2BC6BBF200D99924 /* RMImageLoader.swift */ = {isa = PBXFileReference; lastKnownFileType = sourcecode.swift; path = RMImageLoader.swift; sourceTree = "<group>"; };
		04ADD1FE2BCBE3FA00D99924 /* RMCharacterPhotoCollectionViewCell.swift */ = {isa = PBXFileReference; lastKnownFileType = sourcecode.swift; path = RMCharacterPhotoCollectionViewCell.swift; sourceTree = "<group>"; };
		04ADD2002BCBE40800D99924 /* RMCharacterInfoCollectionViewCell.swift */ = {isa = PBXFileReference; lastKnownFileType = sourcecode.swift; path = RMCharacterInfoCollectionViewCell.swift; sourceTree = "<group>"; };
		04ADD2022BCBE41100D99924 /* RMCharacterEpisodeCollectionViewCell.swift */ = {isa = PBXFileReference; lastKnownFileType = sourcecode.swift; path = RMCharacterEpisodeCollectionViewCell.swift; sourceTree = "<group>"; };
		04ADD2052BCBE4A300D99924 /* RMCharacterPhotoCollectionViewCellVM.swift */ = {isa = PBXFileReference; lastKnownFileType = sourcecode.swift; path = RMCharacterPhotoCollectionViewCellVM.swift; sourceTree = "<group>"; };
		04ADD2072BCBE4AB00D99924 /* RMCharacterInfoCollectionViewCellVM.swift */ = {isa = PBXFileReference; lastKnownFileType = sourcecode.swift; path = RMCharacterInfoCollectionViewCellVM.swift; sourceTree = "<group>"; };
		04ADD2092BCBE4B300D99924 /* RMCharacterEpisodeCollectionViewCellVM.swift */ = {isa = PBXFileReference; lastKnownFileType = sourcecode.swift; path = RMCharacterEpisodeCollectionViewCellVM.swift; sourceTree = "<group>"; };
		04B035642BD7A1510037437C /* RMSettingsViewVM.swift */ = {isa = PBXFileReference; lastKnownFileType = sourcecode.swift; path = RMSettingsViewVM.swift; sourceTree = "<group>"; };
		04B035662BD7A1940037437C /* RMSettingsCellVM.swift */ = {isa = PBXFileReference; lastKnownFileType = sourcecode.swift; path = RMSettingsCellVM.swift; sourceTree = "<group>"; };
		04B035682BD7A2090037437C /* RMSettingsOption.swift */ = {isa = PBXFileReference; lastKnownFileType = sourcecode.swift; path = RMSettingsOption.swift; sourceTree = "<group>"; };
		04B0356B2BD7AADA0037437C /* RMSettingsView.swift */ = {isa = PBXFileReference; lastKnownFileType = sourcecode.swift; path = RMSettingsView.swift; sourceTree = "<group>"; };
/* End PBXFileReference section */

/* Begin PBXFrameworksBuildPhase section */
		041076AD2BB7218F00B55E59 /* Frameworks */ = {
			isa = PBXFrameworksBuildPhase;
			buildActionMask = 2147483647;
			files = (
			);
			runOnlyForDeploymentPostprocessing = 0;
		};
/* End PBXFrameworksBuildPhase section */

/* Begin PBXGroup section */
		041076A72BB7218F00B55E59 = {
			isa = PBXGroup;
			children = (
				041076B22BB7218F00B55E59 /* RickAndMorty */,
				041076B12BB7218F00B55E59 /* Products */,
			);
			sourceTree = "<group>";
		};
		041076B12BB7218F00B55E59 /* Products */ = {
			isa = PBXGroup;
			children = (
				041076B02BB7218F00B55E59 /* RickAndMorty.app */,
			);
			name = Products;
			sourceTree = "<group>";
		};
		041076B22BB7218F00B55E59 /* RickAndMorty */ = {
			isa = PBXGroup;
			children = (
				041076CD2BB7229800B55E59 /* Resources */,
				041076CC2BB7229500B55E59 /* Managers */,
				041076CB2BB7228D00B55E59 /* APIClient */,
				041076CA2BB7228600B55E59 /* ViewModels */,
				041076C92BB7227F00B55E59 /* Views */,
				041076C82BB7227A00B55E59 /* Models */,
				041076C72BB7226900B55E59 /* Controllers */,
				041076C12BB7219000B55E59 /* Info.plist */,
			);
			path = RickAndMorty;
			sourceTree = "<group>";
		};
		041076C72BB7226900B55E59 /* Controllers */ = {
			isa = PBXGroup;
			children = (
				0452BF0C2BBFFCB70004B805 /* Other */,
				041076D42BB7F43500B55E59 /* Core */,
			);
			path = Controllers;
			sourceTree = "<group>";
		};
		041076C82BB7227A00B55E59 /* Models */ = {
			isa = PBXGroup;
			children = (
				048B5CA52BBDBB14007B9CB8 /* APIResponseTypes */,
				048B5CA42BBDBB00007B9CB8 /* DataTypes */,
			);
			path = Models;
			sourceTree = "<group>";
		};
		041076C92BB7227F00B55E59 /* Views */ = {
			isa = PBXGroup;
			children = (
				04B0356A2BD7AAC80037437C /* SwiftUI */,
				047F55E62BD26B6300151734 /* EpisodeDetails */,
				04A484E12BCFBE4500E51F31 /* Episode */,
				04ADD1FC2BCBE36400D99924 /* CharacterDetails */,
				04ADD1FD2BCBE38F00D99924 /* Character */,
				0452BF132BC14EFF0004B805 /* RMFooterLoadingCollectionReusableView.swift */,
			);
			path = Views;
			sourceTree = "<group>";
		};
		041076CA2BB7228600B55E59 /* ViewModels */ = {
			isa = PBXGroup;
			children = (
				04B035632BD7A1460037437C /* Settings */,
				047F55E92BD26BA800151734 /* EpisodeDetail */,
				04ADD2042BCBE47300D99924 /* CharacterDetail */,
				048B5CA82BBE983F007B9CB8 /* RMCharacterListViewVM.swift */,
				0452BF0A2BBF245B0004B805 /* RMCharacterCollectionViewCellVM.swift */,
				04A484E42BCFC0B000E51F31 /* RMEpisodeListViewVM.swift */,
			);
			path = ViewModels;
			sourceTree = "<group>";
		};
		041076CB2BB7228D00B55E59 /* APIClient */ = {
			isa = PBXGroup;
			children = (
				048B5C962BB930E6007B9CB8 /* RMService.swift */,
				048B5C982BB930FC007B9CB8 /* RMRequest.swift */,
				048B5C9A2BB9318D007B9CB8 /* RMEndpoint.swift */,
			);
			path = APIClient;
			sourceTree = "<group>";
		};
		041076CC2BB7229500B55E59 /* Managers */ = {
			isa = PBXGroup;
			children = (
				04ADD1FA2BC6BBF200D99924 /* RMImageLoader.swift */,
				04A484DB2BCE917200E51F31 /* RMAPICacheManager.swift */,
			);
			path = Managers;
			sourceTree = "<group>";
		};
		041076CD2BB7229800B55E59 /* Resources */ = {
			isa = PBXGroup;
			children = (
				041076BC2BB7219000B55E59 /* Assets.xcassets */,
				041076BE2BB7219000B55E59 /* LaunchScreen.storyboard */,
				041076B32BB7218F00B55E59 /* AppDelegate.swift */,
				041076B52BB7218F00B55E59 /* SceneDelegate.swift */,
				048B5CAC2BBE9C05007B9CB8 /* Extensions.swift */,
			);
			path = Resources;
			sourceTree = "<group>";
		};
		041076D42BB7F43500B55E59 /* Core */ = {
			isa = PBXGroup;
			children = (
				041076DD2BB7F4D800B55E59 /* RMTabBarController.swift */,
				041076D52BB7F45400B55E59 /* RMCharacterViewController.swift */,
				041076D72BB7F45D00B55E59 /* RMLocationViewController.swift */,
				041076D92BB7F46500B55E59 /* RMEpisodeViewController.swift */,
				041076DB2BB7F46F00B55E59 /* RMSettingsViewController.swift */,
			);
			path = Core;
			sourceTree = "<group>";
		};
		0452BF0C2BBFFCB70004B805 /* Other */ = {
			isa = PBXGroup;
			children = (
				0452BF0D2BBFFCD90004B805 /* RMCharacterDetailViewController.swift */,
				04A484D92BCE8EAB00E51F31 /* RMEpisodeDetailViewController.swift */,
				04A484E82BCFFCFC00E51F31 /* RMSearchViewController.swift */,
			);
			path = Other;
			sourceTree = "<group>";
		};
		047F55E62BD26B6300151734 /* EpisodeDetails */ = {
			isa = PBXGroup;
			children = (
				04A484DF2BCE972100E51F31 /* RMEpisodeDetailView.swift */,
				047F55E72BD26B9500151734 /* RMEpisodeInfoCollectionViewCell.swift */,
			);
			path = EpisodeDetails;
			sourceTree = "<group>";
		};
		047F55E92BD26BA800151734 /* EpisodeDetail */ = {
			isa = PBXGroup;
			children = (
				04A484DD2BCE96B300E51F31 /* RMEpisodeDetailViewVM.swift */,
				047F55EA2BD26BC400151734 /* RMEpisodeInfoCollectionViewCellVM.swift */,
			);
			path = EpisodeDetail;
			sourceTree = "<group>";
		};
		048B5CA42BBDBB00007B9CB8 /* DataTypes */ = {
			isa = PBXGroup;
			children = (
				041076D02BB7F3E500B55E59 /* RMCharacter.swift */,
				041076CE2BB7F3DB00B55E59 /* RMLocation.swift */,
				041076D22BB7F3ED00B55E59 /* RMEpisode.swift */,
				048B5C9C2BB936A5007B9CB8 /* RMOrigin.swift */,
				048B5C9E2BB93796007B9CB8 /* RMSingleLocation.swift */,
				048B5CA02BB93929007B9CB8 /* RMCharacterStatus.swift */,
				048B5CA22BB93962007B9CB8 /* RMCharacterGender.swift */,
			);
			path = DataTypes;
			sourceTree = "<group>";
		};
		048B5CA52BBDBB14007B9CB8 /* APIResponseTypes */ = {
			isa = PBXGroup;
			children = (
				048B5CA62BBDBB36007B9CB8 /* RMGetCharacterResponse.swift */,
				04A484E62BCFC3F100E51F31 /* RMGetAllEpisodesResponse.swift */,
			);
			path = APIResponseTypes;
			sourceTree = "<group>";
		};
		04A484E12BCFBE4500E51F31 /* Episode */ = {
			isa = PBXGroup;
			children = (
				04A484E22BCFBE5400E51F31 /* RMEpisodeListView.swift */,
			);
			path = Episode;
			sourceTree = "<group>";
		};
		04ADD1FC2BCBE36400D99924 /* CharacterDetails */ = {
			isa = PBXGroup;
			children = (
				0452BF0F2BBFFD5A0004B805 /* RMCharacterDetailView.swift */,
				04ADD1FE2BCBE3FA00D99924 /* RMCharacterPhotoCollectionViewCell.swift */,
				04ADD2002BCBE40800D99924 /* RMCharacterInfoCollectionViewCell.swift */,
				04ADD2022BCBE41100D99924 /* RMCharacterEpisodeCollectionViewCell.swift */,
			);
			path = CharacterDetails;
			sourceTree = "<group>";
		};
		04ADD1FD2BCBE38F00D99924 /* Character */ = {
			isa = PBXGroup;
			children = (
				048B5CAA2BBE98B7007B9CB8 /* RMCharacterListView.swift */,
				0452BF082BBF233B0004B805 /* RMCharacterCollectionViewCell.swift */,
			);
			path = Character;
			sourceTree = "<group>";
		};
		04ADD2042BCBE47300D99924 /* CharacterDetail */ = {
			isa = PBXGroup;
			children = (
				0452BF112BBFFD810004B805 /* RMCharacterDetailViewVM.swift */,
				04ADD2052BCBE4A300D99924 /* RMCharacterPhotoCollectionViewCellVM.swift */,
				04ADD2072BCBE4AB00D99924 /* RMCharacterInfoCollectionViewCellVM.swift */,
				04ADD2092BCBE4B300D99924 /* RMCharacterEpisodeCollectionViewCellVM.swift */,
			);
			path = CharacterDetail;
			sourceTree = "<group>";
		};
		04B035632BD7A1460037437C /* Settings */ = {
			isa = PBXGroup;
			children = (
				04B035642BD7A1510037437C /* RMSettingsViewVM.swift */,
				04B035662BD7A1940037437C /* RMSettingsCellVM.swift */,
				04B035682BD7A2090037437C /* RMSettingsOption.swift */,
			);
			path = Settings;
			sourceTree = "<group>";
		};
		04B0356A2BD7AAC80037437C /* SwiftUI */ = {
			isa = PBXGroup;
			children = (
				04B0356B2BD7AADA0037437C /* RMSettingsView.swift */,
			);
			path = SwiftUI;
			sourceTree = "<group>";
		};
/* End PBXGroup section */

/* Begin PBXNativeTarget section */
		041076AF2BB7218F00B55E59 /* RickAndMorty */ = {
			isa = PBXNativeTarget;
			buildConfigurationList = 041076C42BB7219000B55E59 /* Build configuration list for PBXNativeTarget "RickAndMorty" */;
			buildPhases = (
				041076AC2BB7218F00B55E59 /* Sources */,
				041076AD2BB7218F00B55E59 /* Frameworks */,
				041076AE2BB7218F00B55E59 /* Resources */,
			);
			buildRules = (
			);
			dependencies = (
			);
			name = RickAndMorty;
			productName = RickAndMorty;
			productReference = 041076B02BB7218F00B55E59 /* RickAndMorty.app */;
			productType = "com.apple.product-type.application";
		};
/* End PBXNativeTarget section */

/* Begin PBXProject section */
		041076A82BB7218F00B55E59 /* Project object */ = {
			isa = PBXProject;
			attributes = {
				BuildIndependentTargetsInParallel = 1;
				LastSwiftUpdateCheck = 1530;
				LastUpgradeCheck = 1530;
				TargetAttributes = {
					041076AF2BB7218F00B55E59 = {
						CreatedOnToolsVersion = 15.3;
					};
				};
			};
			buildConfigurationList = 041076AB2BB7218F00B55E59 /* Build configuration list for PBXProject "RickAndMorty" */;
			compatibilityVersion = "Xcode 14.0";
			developmentRegion = en;
			hasScannedForEncodings = 0;
			knownRegions = (
				en,
				Base,
			);
			mainGroup = 041076A72BB7218F00B55E59;
			productRefGroup = 041076B12BB7218F00B55E59 /* Products */;
			projectDirPath = "";
			projectRoot = "";
			targets = (
				041076AF2BB7218F00B55E59 /* RickAndMorty */,
			);
		};
/* End PBXProject section */

/* Begin PBXResourcesBuildPhase section */
		041076AE2BB7218F00B55E59 /* Resources */ = {
			isa = PBXResourcesBuildPhase;
			buildActionMask = 2147483647;
			files = (
				041076BD2BB7219000B55E59 /* Assets.xcassets in Resources */,
				041076C02BB7219000B55E59 /* Base in Resources */,
			);
			runOnlyForDeploymentPostprocessing = 0;
		};
/* End PBXResourcesBuildPhase section */

/* Begin PBXSourcesBuildPhase section */
		041076AC2BB7218F00B55E59 /* Sources */ = {
			isa = PBXSourcesBuildPhase;
			buildActionMask = 2147483647;
			files = (
				048B5C9D2BB936A5007B9CB8 /* RMOrigin.swift in Sources */,
				048B5C9F2BB93796007B9CB8 /* RMSingleLocation.swift in Sources */,
				048B5CAB2BBE98B7007B9CB8 /* RMCharacterListView.swift in Sources */,
				04A484E92BCFFCFC00E51F31 /* RMSearchViewController.swift in Sources */,
				04ADD2082BCBE4AB00D99924 /* RMCharacterInfoCollectionViewCellVM.swift in Sources */,
				048B5CA12BB93929007B9CB8 /* RMCharacterStatus.swift in Sources */,
				048B5CA32BB93962007B9CB8 /* RMCharacterGender.swift in Sources */,
				04ADD2062BCBE4A300D99924 /* RMCharacterPhotoCollectionViewCellVM.swift in Sources */,
				047F55EB2BD26BC400151734 /* RMEpisodeInfoCollectionViewCellVM.swift in Sources */,
				041076D82BB7F45D00B55E59 /* RMLocationViewController.swift in Sources */,
				0452BF0E2BBFFCD90004B805 /* RMCharacterDetailViewController.swift in Sources */,
				04A484E32BCFBE5400E51F31 /* RMEpisodeListView.swift in Sources */,
				04B035672BD7A1940037437C /* RMSettingsCellVM.swift in Sources */,
				041076D32BB7F3ED00B55E59 /* RMEpisode.swift in Sources */,
				0452BF142BC14F000004B805 /* RMFooterLoadingCollectionReusableView.swift in Sources */,
				041076DE2BB7F4D800B55E59 /* RMTabBarController.swift in Sources */,
				048B5CA92BBE983F007B9CB8 /* RMCharacterListViewVM.swift in Sources */,
				04ADD2012BCBE40800D99924 /* RMCharacterInfoCollectionViewCell.swift in Sources */,
				04B035692BD7A2090037437C /* RMSettingsOption.swift in Sources */,
				04ADD20A2BCBE4B300D99924 /* RMCharacterEpisodeCollectionViewCellVM.swift in Sources */,
				0452BF092BBF233B0004B805 /* RMCharacterCollectionViewCell.swift in Sources */,
				041076DA2BB7F46500B55E59 /* RMEpisodeViewController.swift in Sources */,
				04A484DE2BCE96B300E51F31 /* RMEpisodeDetailViewVM.swift in Sources */,
				041076B42BB7218F00B55E59 /* AppDelegate.swift in Sources */,
				04ADD1FB2BC6BBF200D99924 /* RMImageLoader.swift in Sources */,
				041076B62BB7218F00B55E59 /* SceneDelegate.swift in Sources */,
				04B0356C2BD7AADA0037437C /* RMSettingsView.swift in Sources */,
				041076DC2BB7F46F00B55E59 /* RMSettingsViewController.swift in Sources */,
				04B035652BD7A1510037437C /* RMSettingsViewVM.swift in Sources */,
				04ADD1FF2BCBE3FA00D99924 /* RMCharacterPhotoCollectionViewCell.swift in Sources */,
				048B5CAD2BBE9C05007B9CB8 /* Extensions.swift in Sources */,
				048B5C972BB930E6007B9CB8 /* RMService.swift in Sources */,
				041076CF2BB7F3DB00B55E59 /* RMLocation.swift in Sources */,
				048B5C9B2BB9318D007B9CB8 /* RMEndpoint.swift in Sources */,
				041076D12BB7F3E500B55E59 /* RMCharacter.swift in Sources */,
				04A484E02BCE972100E51F31 /* RMEpisodeDetailView.swift in Sources */,
				04A484E52BCFC0B000E51F31 /* RMEpisodeListViewVM.swift in Sources */,
				04A484DA2BCE8EAB00E51F31 /* RMEpisodeDetailViewController.swift in Sources */,
				048B5C992BB930FC007B9CB8 /* RMRequest.swift in Sources */,
				0452BF122BBFFD810004B805 /* RMCharacterDetailViewVM.swift in Sources */,
				048B5CA72BBDBB36007B9CB8 /* RMGetCharacterResponse.swift in Sources */,
				0452BF0B2BBF245B0004B805 /* RMCharacterCollectionViewCellVM.swift in Sources */,
				04ADD2032BCBE41100D99924 /* RMCharacterEpisodeCollectionViewCell.swift in Sources */,
				041076D62BB7F45400B55E59 /* RMCharacterViewController.swift in Sources */,
				04A484E72BCFC3F100E51F31 /* RMGetAllEpisodesResponse.swift in Sources */,
				047F55E82BD26B9500151734 /* RMEpisodeInfoCollectionViewCell.swift in Sources */,
				04A484DC2BCE917200E51F31 /* RMAPICacheManager.swift in Sources */,
				0452BF102BBFFD5A0004B805 /* RMCharacterDetailView.swift in Sources */,
			);
			runOnlyForDeploymentPostprocessing = 0;
		};
/* End PBXSourcesBuildPhase section */

/* Begin PBXVariantGroup section */
		041076BE2BB7219000B55E59 /* LaunchScreen.storyboard */ = {
			isa = PBXVariantGroup;
			children = (
				041076BF2BB7219000B55E59 /* Base */,
			);
			name = LaunchScreen.storyboard;
			sourceTree = "<group>";
		};
/* End PBXVariantGroup section */

/* Begin XCBuildConfiguration section */
		041076C22BB7219000B55E59 /* Debug */ = {
			isa = XCBuildConfiguration;
			buildSettings = {
				ALWAYS_SEARCH_USER_PATHS = NO;
				ASSETCATALOG_COMPILER_GENERATE_SWIFT_ASSET_SYMBOL_EXTENSIONS = YES;
				CLANG_ANALYZER_NONNULL = YES;
				CLANG_ANALYZER_NUMBER_OBJECT_CONVERSION = YES_AGGRESSIVE;
				CLANG_CXX_LANGUAGE_STANDARD = "gnu++20";
				CLANG_ENABLE_MODULES = YES;
				CLANG_ENABLE_OBJC_ARC = YES;
				CLANG_ENABLE_OBJC_WEAK = YES;
				CLANG_WARN_BLOCK_CAPTURE_AUTORELEASING = YES;
				CLANG_WARN_BOOL_CONVERSION = YES;
				CLANG_WARN_COMMA = YES;
				CLANG_WARN_CONSTANT_CONVERSION = YES;
				CLANG_WARN_DEPRECATED_OBJC_IMPLEMENTATIONS = YES;
				CLANG_WARN_DIRECT_OBJC_ISA_USAGE = YES_ERROR;
				CLANG_WARN_DOCUMENTATION_COMMENTS = YES;
				CLANG_WARN_EMPTY_BODY = YES;
				CLANG_WARN_ENUM_CONVERSION = YES;
				CLANG_WARN_INFINITE_RECURSION = YES;
				CLANG_WARN_INT_CONVERSION = YES;
				CLANG_WARN_NON_LITERAL_NULL_CONVERSION = YES;
				CLANG_WARN_OBJC_IMPLICIT_RETAIN_SELF = YES;
				CLANG_WARN_OBJC_LITERAL_CONVERSION = YES;
				CLANG_WARN_OBJC_ROOT_CLASS = YES_ERROR;
				CLANG_WARN_QUOTED_INCLUDE_IN_FRAMEWORK_HEADER = YES;
				CLANG_WARN_RANGE_LOOP_ANALYSIS = YES;
				CLANG_WARN_STRICT_PROTOTYPES = YES;
				CLANG_WARN_SUSPICIOUS_MOVE = YES;
				CLANG_WARN_UNGUARDED_AVAILABILITY = YES_AGGRESSIVE;
				CLANG_WARN_UNREACHABLE_CODE = YES;
				CLANG_WARN__DUPLICATE_METHOD_MATCH = YES;
				COPY_PHASE_STRIP = NO;
				DEBUG_INFORMATION_FORMAT = dwarf;
				ENABLE_STRICT_OBJC_MSGSEND = YES;
				ENABLE_TESTABILITY = YES;
				ENABLE_USER_SCRIPT_SANDBOXING = YES;
				GCC_C_LANGUAGE_STANDARD = gnu17;
				GCC_DYNAMIC_NO_PIC = NO;
				GCC_NO_COMMON_BLOCKS = YES;
				GCC_OPTIMIZATION_LEVEL = 0;
				GCC_PREPROCESSOR_DEFINITIONS = (
					"DEBUG=1",
					"$(inherited)",
				);
				GCC_WARN_64_TO_32_BIT_CONVERSION = YES;
				GCC_WARN_ABOUT_RETURN_TYPE = YES_ERROR;
				GCC_WARN_UNDECLARED_SELECTOR = YES;
				GCC_WARN_UNINITIALIZED_AUTOS = YES_AGGRESSIVE;
				GCC_WARN_UNUSED_FUNCTION = YES;
				GCC_WARN_UNUSED_VARIABLE = YES;
				IPHONEOS_DEPLOYMENT_TARGET = 17.4;
				LOCALIZATION_PREFERS_STRING_CATALOGS = YES;
				MTL_ENABLE_DEBUG_INFO = INCLUDE_SOURCE;
				MTL_FAST_MATH = YES;
				ONLY_ACTIVE_ARCH = YES;
				SDKROOT = iphoneos;
				SWIFT_ACTIVE_COMPILATION_CONDITIONS = "DEBUG $(inherited)";
				SWIFT_OPTIMIZATION_LEVEL = "-Onone";
			};
			name = Debug;
		};
		041076C32BB7219000B55E59 /* Release */ = {
			isa = XCBuildConfiguration;
			buildSettings = {
				ALWAYS_SEARCH_USER_PATHS = NO;
				ASSETCATALOG_COMPILER_GENERATE_SWIFT_ASSET_SYMBOL_EXTENSIONS = YES;
				CLANG_ANALYZER_NONNULL = YES;
				CLANG_ANALYZER_NUMBER_OBJECT_CONVERSION = YES_AGGRESSIVE;
				CLANG_CXX_LANGUAGE_STANDARD = "gnu++20";
				CLANG_ENABLE_MODULES = YES;
				CLANG_ENABLE_OBJC_ARC = YES;
				CLANG_ENABLE_OBJC_WEAK = YES;
				CLANG_WARN_BLOCK_CAPTURE_AUTORELEASING = YES;
				CLANG_WARN_BOOL_CONVERSION = YES;
				CLANG_WARN_COMMA = YES;
				CLANG_WARN_CONSTANT_CONVERSION = YES;
				CLANG_WARN_DEPRECATED_OBJC_IMPLEMENTATIONS = YES;
				CLANG_WARN_DIRECT_OBJC_ISA_USAGE = YES_ERROR;
				CLANG_WARN_DOCUMENTATION_COMMENTS = YES;
				CLANG_WARN_EMPTY_BODY = YES;
				CLANG_WARN_ENUM_CONVERSION = YES;
				CLANG_WARN_INFINITE_RECURSION = YES;
				CLANG_WARN_INT_CONVERSION = YES;
				CLANG_WARN_NON_LITERAL_NULL_CONVERSION = YES;
				CLANG_WARN_OBJC_IMPLICIT_RETAIN_SELF = YES;
				CLANG_WARN_OBJC_LITERAL_CONVERSION = YES;
				CLANG_WARN_OBJC_ROOT_CLASS = YES_ERROR;
				CLANG_WARN_QUOTED_INCLUDE_IN_FRAMEWORK_HEADER = YES;
				CLANG_WARN_RANGE_LOOP_ANALYSIS = YES;
				CLANG_WARN_STRICT_PROTOTYPES = YES;
				CLANG_WARN_SUSPICIOUS_MOVE = YES;
				CLANG_WARN_UNGUARDED_AVAILABILITY = YES_AGGRESSIVE;
				CLANG_WARN_UNREACHABLE_CODE = YES;
				CLANG_WARN__DUPLICATE_METHOD_MATCH = YES;
				COPY_PHASE_STRIP = NO;
				DEBUG_INFORMATION_FORMAT = "dwarf-with-dsym";
				ENABLE_NS_ASSERTIONS = NO;
				ENABLE_STRICT_OBJC_MSGSEND = YES;
				ENABLE_USER_SCRIPT_SANDBOXING = YES;
				GCC_C_LANGUAGE_STANDARD = gnu17;
				GCC_NO_COMMON_BLOCKS = YES;
				GCC_WARN_64_TO_32_BIT_CONVERSION = YES;
				GCC_WARN_ABOUT_RETURN_TYPE = YES_ERROR;
				GCC_WARN_UNDECLARED_SELECTOR = YES;
				GCC_WARN_UNINITIALIZED_AUTOS = YES_AGGRESSIVE;
				GCC_WARN_UNUSED_FUNCTION = YES;
				GCC_WARN_UNUSED_VARIABLE = YES;
				IPHONEOS_DEPLOYMENT_TARGET = 17.4;
				LOCALIZATION_PREFERS_STRING_CATALOGS = YES;
				MTL_ENABLE_DEBUG_INFO = NO;
				MTL_FAST_MATH = YES;
				SDKROOT = iphoneos;
				SWIFT_COMPILATION_MODE = wholemodule;
				VALIDATE_PRODUCT = YES;
			};
			name = Release;
		};
		041076C52BB7219000B55E59 /* Debug */ = {
			isa = XCBuildConfiguration;
			buildSettings = {
				ASSETCATALOG_COMPILER_APPICON_NAME = AppIcon;
				ASSETCATALOG_COMPILER_GLOBAL_ACCENT_COLOR_NAME = AccentColor;
				CODE_SIGN_STYLE = Automatic;
				CURRENT_PROJECT_VERSION = 1;
				DEVELOPMENT_TEAM = 9J86PAFJNS;
				GENERATE_INFOPLIST_FILE = YES;
				INFOPLIST_FILE = RickAndMorty/Info.plist;
				INFOPLIST_KEY_UIApplicationSupportsIndirectInputEvents = YES;
				INFOPLIST_KEY_UILaunchStoryboardName = LaunchScreen;
				INFOPLIST_KEY_UISupportedInterfaceOrientations_iPad = "UIInterfaceOrientationPortrait UIInterfaceOrientationPortraitUpsideDown UIInterfaceOrientationLandscapeLeft UIInterfaceOrientationLandscapeRight";
				INFOPLIST_KEY_UISupportedInterfaceOrientations_iPhone = "UIInterfaceOrientationPortrait UIInterfaceOrientationLandscapeLeft UIInterfaceOrientationLandscapeRight";
				LD_RUNPATH_SEARCH_PATHS = (
					"$(inherited)",
					"@executable_path/Frameworks",
				);
				MARKETING_VERSION = 1.0;
				PRODUCT_BUNDLE_IDENTIFIER = DKJ.RickAndMorty;
				PRODUCT_NAME = "$(TARGET_NAME)";
				SWIFT_EMIT_LOC_STRINGS = YES;
				SWIFT_VERSION = 5.0;
				TARGETED_DEVICE_FAMILY = "1,2";
			};
			name = Debug;
		};
		041076C62BB7219000B55E59 /* Release */ = {
			isa = XCBuildConfiguration;
			buildSettings = {
				ASSETCATALOG_COMPILER_APPICON_NAME = AppIcon;
				ASSETCATALOG_COMPILER_GLOBAL_ACCENT_COLOR_NAME = AccentColor;
				CODE_SIGN_STYLE = Automatic;
				CURRENT_PROJECT_VERSION = 1;
				DEVELOPMENT_TEAM = 9J86PAFJNS;
				GENERATE_INFOPLIST_FILE = YES;
				INFOPLIST_FILE = RickAndMorty/Info.plist;
				INFOPLIST_KEY_UIApplicationSupportsIndirectInputEvents = YES;
				INFOPLIST_KEY_UILaunchStoryboardName = LaunchScreen;
				INFOPLIST_KEY_UISupportedInterfaceOrientations_iPad = "UIInterfaceOrientationPortrait UIInterfaceOrientationPortraitUpsideDown UIInterfaceOrientationLandscapeLeft UIInterfaceOrientationLandscapeRight";
				INFOPLIST_KEY_UISupportedInterfaceOrientations_iPhone = "UIInterfaceOrientationPortrait UIInterfaceOrientationLandscapeLeft UIInterfaceOrientationLandscapeRight";
				LD_RUNPATH_SEARCH_PATHS = (
					"$(inherited)",
					"@executable_path/Frameworks",
				);
				MARKETING_VERSION = 1.0;
				PRODUCT_BUNDLE_IDENTIFIER = DKJ.RickAndMorty;
				PRODUCT_NAME = "$(TARGET_NAME)";
				SWIFT_EMIT_LOC_STRINGS = YES;
				SWIFT_VERSION = 5.0;
				TARGETED_DEVICE_FAMILY = "1,2";
			};
			name = Release;
		};
/* End XCBuildConfiguration section */

/* Begin XCConfigurationList section */
		041076AB2BB7218F00B55E59 /* Build configuration list for PBXProject "RickAndMorty" */ = {
			isa = XCConfigurationList;
			buildConfigurations = (
				041076C22BB7219000B55E59 /* Debug */,
				041076C32BB7219000B55E59 /* Release */,
			);
			defaultConfigurationIsVisible = 0;
			defaultConfigurationName = Release;
		};
		041076C42BB7219000B55E59 /* Build configuration list for PBXNativeTarget "RickAndMorty" */ = {
			isa = XCConfigurationList;
			buildConfigurations = (
				041076C52BB7219000B55E59 /* Debug */,
				041076C62BB7219000B55E59 /* Release */,
			);
			defaultConfigurationIsVisible = 0;
			defaultConfigurationName = Release;
		};
/* End XCConfigurationList section */
	};
	rootObject = 041076A82BB7218F00B55E59 /* Project object */;
}
